
Microsoft Visual Studio Solution File, Format Version 12.00
# Visual Studio Version 17
VisualStudioVersion = 17.14.36518.9
MinimumVisualStudioVersion = 10.0.40219.1
Project("{FAE04EC0-301F-11D3-BF4B-00C04F79EFBC}") = "InventoryService", "InventoryService\InventoryService.csproj", "{BBDB6FFC-47D6-46B2-9BC5-9E7D7033D5EF}"
EndProject
Project("{FAE04EC0-301F-11D3-BF4B-00C04F79EFBC}") = "Maintenance.WebAPI", "Maintenance.WebAPI\Maintenance.WebAPI.csproj", "{D9312ED6-C625-4041-A2F1-063983924C71}"
EndProject
Project("{FAE04EC0-301F-11D3-BF4B-00C04F79EFBC}") = "InventoryService.MVC", "InventoryService.MVC\InventoryService.MVC.csproj", "{B62A15CA-FFB5-4023-8646-D71F9D2D3699}"
EndProject
Global
	GlobalSection(SolutionConfigurationPlatforms) = preSolution
		Debug|Any CPU = Debug|Any CPU
		Debug|x64 = Debug|x64
		Debug|x86 = Debug|x86
		Release|Any CPU = Release|Any CPU
		Release|x64 = Release|x64
		Release|x86 = Release|x86
	EndGlobalSection
	GlobalSection(ProjectConfigurationPlatforms) = postSolution
		{BBDB6FFC-47D6-46B2-9BC5-9E7D7033D5EF}.Debug|Any CPU.ActiveCfg = Debug|Any CPU
		{BBDB6FFC-47D6-46B2-9BC5-9E7D7033D5EF}.Debug|Any CPU.Build.0 = Debug|Any CPU
		{BBDB6FFC-47D6-46B2-9BC5-9E7D7033D5EF}.Debug|x64.ActiveCfg = Debug|Any CPU
		{BBDB6FFC-47D6-46B2-9BC5-9E7D7033D5EF}.Debug|x64.Build.0 = Debug|Any CPU
		{BBDB6FFC-47D6-46B2-9BC5-9E7D7033D5EF}.Debug|x86.ActiveCfg = Debug|Any CPU
		{BBDB6FFC-47D6-46B2-9BC5-9E7D7033D5EF}.Debug|x86.Build.0 = Debug|Any CPU
		{BBDB6FFC-47D6-46B2-9BC5-9E7D7033D5EF}.Release|Any CPU.ActiveCfg = Release|Any CPU
		{BBDB6FFC-47D6-46B2-9BC5-9E7D7033D5EF}.Release|Any CPU.Build.0 = Release|Any CPU
		{BBDB6FFC-47D6-46B2-9BC5-9E7D7033D5EF}.Release|x64.ActiveCfg = Release|Any CPU
		{BBDB6FFC-47D6-46B2-9BC5-9E7D7033D5EF}.Release|x64.Build.0 = Release|Any CPU
		{BBDB6FFC-47D6-46B2-9BC5-9E7D7033D5EF}.Release|x86.ActiveCfg = Release|Any CPU
		{BBDB6FFC-47D6-46B2-9BC5-9E7D7033D5EF}.Release|x86.Build.0 = Release|Any CPU
		{D9312ED6-C625-4041-A2F1-063983924C71}.Debug|Any CPU.ActiveCfg = Debug|Any CPU
		{D9312ED6-C625-4041-A2F1-063983924C71}.Debug|Any CPU.Build.0 = Debug|Any CPU
		{D9312ED6-C625-4041-A2F1-063983924C71}.Debug|x64.ActiveCfg = Debug|Any CPU
		{D9312ED6-C625-4041-A2F1-063983924C71}.Debug|x64.Build.0 = Debug|Any CPU
		{D9312ED6-C625-4041-A2F1-063983924C71}.Debug|x86.ActiveCfg = Debug|Any CPU
		{D9312ED6-C625-4041-A2F1-063983924C71}.Debug|x86.Build.0 = Debug|Any CPU
		{D9312ED6-C625-4041-A2F1-063983924C71}.Release|Any CPU.ActiveCfg = Release|Any CPU
		{D9312ED6-C625-4041-A2F1-063983924C71}.Release|Any CPU.Build.0 = Release|Any CPU
		{D9312ED6-C625-4041-A2F1-063983924C71}.Release|x64.ActiveCfg = Release|Any CPU
		{D9312ED6-C625-4041-A2F1-063983924C71}.Release|x64.Build.0 = Release|Any CPU
		{D9312ED6-C625-4041-A2F1-063983924C71}.Release|x86.ActiveCfg = Release|Any CPU
		{D9312ED6-C625-4041-A2F1-063983924C71}.Release|x86.Build.0 = Release|Any CPU
		{B62A15CA-FFB5-4023-8646-D71F9D2D3699}.Debug|Any CPU.ActiveCfg = Debug|Any CPU
		{B62A15CA-FFB5-4023-8646-D71F9D2D3699}.Debug|Any CPU.Build.0 = Debug|Any CPU
		{B62A15CA-FFB5-4023-8646-D71F9D2D3699}.Debug|x64.ActiveCfg = Debug|Any CPU
		{B62A15CA-FFB5-4023-8646-D71F9D2D3699}.Debug|x64.Build.0 = Debug|Any CPU
		{B62A15CA-FFB5-4023-8646-D71F9D2D3699}.Debug|x86.ActiveCfg = Debug|Any CPU
		{B62A15CA-FFB5-4023-8646-D71F9D2D3699}.Debug|x86.Build.0 = Debug|Any CPU
		{B62A15CA-FFB5-4023-8646-D71F9D2D3699}.Release|Any CPU.ActiveCfg = Release|Any CPU
		{B62A15CA-FFB5-4023-8646-D71F9D2D3699}.Release|Any CPU.Build.0 = Release|Any CPU
		{B62A15CA-FFB5-4023-8646-D71F9D2D3699}.Release|x64.ActiveCfg = Release|Any CPU
		{B62A15CA-FFB5-4023-8646-D71F9D2D3699}.Release|x64.Build.0 = Release|Any CPU
		{B62A15CA-FFB5-4023-8646-D71F9D2D3699}.Release|x86.ActiveCfg = Release|Any CPU
		{B62A15CA-FFB5-4023-8646-D71F9D2D3699}.Release|x86.Build.0 = Release|Any CPU
	EndGlobalSection
	GlobalSection(SolutionProperties) = preSolution
		HideSolutionNode = FALSE
	EndGlobalSection
	GlobalSection(ExtensibilityGlobals) = postSolution
		SolutionGuid = {58E4A46B-A909-40C8-B6CE-EF75DD82E2C5}
	EndGlobalSection
EndGlobal
